
Microsoft Visual Studio Solution File, Format Version 12.00
# Visual Studio Version 16
VisualStudioVersion = 16.0.30804.86
MinimumVisualStudioVersion = 10.0.40219.1
Project("{FAE04EC0-301F-11D3-BF4B-00C04F79EFBC}") = "Uri 1046", "Uri 1046\Uri 1046.csproj", "{ABD6D3EA-E2FE-43F4-B3FC-771343A5943D}"
EndProject
Global
	GlobalSection(SolutionConfigurationPlatforms) = preSolution
		Debug|Any CPU = Debug|Any CPU
		Release|Any CPU = Release|Any CPU
	EndGlobalSection
	GlobalSection(ProjectConfigurationPlatforms) = postSolution
		{ABD6D3EA-E2FE-43F4-B3FC-771343A5943D}.Debug|Any CPU.ActiveCfg = Debug|Any CPU
		{ABD6D3EA-E2FE-43F4-B3FC-771343A5943D}.Debug|Any CPU.Build.0 = Debug|Any CPU
		{ABD6D3EA-E2FE-43F4-B3FC-771343A5943D}.Release|Any CPU.ActiveCfg = Release|Any CPU
		{ABD6D3EA-E2FE-43F4-B3FC-771343A5943D}.Release|Any CPU.Build.0 = Release|Any CPU
	EndGlobalSection
	GlobalSection(SolutionProperties) = preSolution
		HideSolutionNode = FALSE
	EndGlobalSection
	GlobalSection(ExtensibilityGlobals) = postSolution
		SolutionGuid = {E500EA19-D9B9-480D-83D3-FD3EB5B58B09}
	EndGlobalSection
EndGlobal
